
Microsoft Visual Studio Solution File, Format Version 12.00
# Visual Studio Version 16
VisualStudioVersion = 16.0.29306.81
MinimumVisualStudioVersion = 10.0.40219.1
Project("{FAE04EC0-301F-11D3-BF4B-00C04F79EFBC}") = "两个线程交替执行", "ConsoleApp1\两个线程交替执行.csproj", "{010157EC-B590-43AD-AF0E-061D23135FAC}"
EndProject
Global
	GlobalSection(SolutionConfigurationPlatforms) = preSolution
		Debug|Any CPU = Debug|Any CPU
		Release|Any CPU = Release|Any CPU
	EndGlobalSection
	GlobalSection(ProjectConfigurationPlatforms) = postSolution
		{010157EC-B590-43AD-AF0E-061D23135FAC}.Debug|Any CPU.ActiveCfg = Debug|Any CPU
		{010157EC-B590-43AD-AF0E-061D23135FAC}.Debug|Any CPU.Build.0 = Debug|Any CPU
		{010157EC-B590-43AD-AF0E-061D23135FAC}.Release|Any CPU.ActiveCfg = Release|Any CPU
		{010157EC-B590-43AD-AF0E-061D23135FAC}.Release|Any CPU.Build.0 = Release|Any CPU
	EndGlobalSection
	GlobalSection(SolutionProperties) = preSolution
		HideSolutionNode = FALSE
	EndGlobalSection
	GlobalSection(ExtensibilityGlobals) = postSolution
		SolutionGuid = {06527086-37C5-4AF1-9619-25B92D42138A}
	EndGlobalSection
EndGlobal
